
Microsoft Visual Studio Solution File, Format Version 12.00
# Visual Studio Version 17
VisualStudioVersion = 17.9.34723.18
MinimumVisualStudioVersion = 10.0.40219.1
Project("{FAE04EC0-301F-11D3-BF4B-00C04F79EFBC}") = "Constructors in C sharp", "Constructors in C sharp\Constructors in C sharp.csproj", "{50A55183-716F-4663-8706-024D90B75262}"
EndProject
Global
	GlobalSection(SolutionConfigurationPlatforms) = preSolution
		Debug|Any CPU = Debug|Any CPU
		Release|Any CPU = Release|Any CPU
	EndGlobalSection
	GlobalSection(ProjectConfigurationPlatforms) = postSolution
		{50A55183-716F-4663-8706-024D90B75262}.Debug|Any CPU.ActiveCfg = Debug|Any CPU
		{50A55183-716F-4663-8706-024D90B75262}.Debug|Any CPU.Build.0 = Debug|Any CPU
		{50A55183-716F-4663-8706-024D90B75262}.Release|Any CPU.ActiveCfg = Release|Any CPU
		{50A55183-716F-4663-8706-024D90B75262}.Release|Any CPU.Build.0 = Release|Any CPU
	EndGlobalSection
	GlobalSection(SolutionProperties) = preSolution
		HideSolutionNode = FALSE
	EndGlobalSection
	GlobalSection(ExtensibilityGlobals) = postSolution
		SolutionGuid = {EF3A622D-B295-470F-B66E-B88ECF5C25B9}
	EndGlobalSection
EndGlobal
