
Microsoft Visual Studio Solution File, Format Version 12.00
# Visual Studio Version 17
VisualStudioVersion = 17.9.34723.18
MinimumVisualStudioVersion = 10.0.40219.1
Project("{FAE04EC0-301F-11D3-BF4B-00C04F79EFBC}") = "COPY CONSTRUCTOR", "COPY CONSTRUCTOR\COPY CONSTRUCTOR.csproj", "{84971900-D4CB-4B89-BF63-3875C2D87A42}"
EndProject
Global
	GlobalSection(SolutionConfigurationPlatforms) = preSolution
		Debug|Any CPU = Debug|Any CPU
		Release|Any CPU = Release|Any CPU
	EndGlobalSection
	GlobalSection(ProjectConfigurationPlatforms) = postSolution
		{84971900-D4CB-4B89-BF63-3875C2D87A42}.Debug|Any CPU.ActiveCfg = Debug|Any CPU
		{84971900-D4CB-4B89-BF63-3875C2D87A42}.Debug|Any CPU.Build.0 = Debug|Any CPU
		{84971900-D4CB-4B89-BF63-3875C2D87A42}.Release|Any CPU.ActiveCfg = Release|Any CPU
		{84971900-D4CB-4B89-BF63-3875C2D87A42}.Release|Any CPU.Build.0 = Release|Any CPU
	EndGlobalSection
	GlobalSection(SolutionProperties) = preSolution
		HideSolutionNode = FALSE
	EndGlobalSection
	GlobalSection(ExtensibilityGlobals) = postSolution
		SolutionGuid = {4ECC496E-E038-487A-843F-49DFC3335E2C}
	EndGlobalSection
EndGlobal
